
Microsoft Visual Studio Solution File, Format Version 12.00
# Visual Studio Version 16
VisualStudioVersion = 16.0.28922.388
MinimumVisualStudioVersion = 10.0.40219.1
Project("{FAE04EC0-301F-11D3-BF4B-00C04F79EFBC}") = "DNMOFT.reCAPTCHA.MVC", "DNMOFT.reCAPTCHA.MVC\DNMOFT.reCAPTCHA.MVC.csproj", "{A04CA349-7480-4296-9307-8219F2E14BCC}"
EndProject
Global
	GlobalSection(SolutionConfigurationPlatforms) = preSolution
		Debug|Any CPU = Debug|Any CPU
		Release|Any CPU = Release|Any CPU
	EndGlobalSection
	GlobalSection(ProjectConfigurationPlatforms) = postSolution
		{A04CA349-7480-4296-9307-8219F2E14BCC}.Debug|Any CPU.ActiveCfg = Debug|Any CPU
		{A04CA349-7480-4296-9307-8219F2E14BCC}.Debug|Any CPU.Build.0 = Debug|Any CPU
		{A04CA349-7480-4296-9307-8219F2E14BCC}.Release|Any CPU.ActiveCfg = Release|Any CPU
		{A04CA349-7480-4296-9307-8219F2E14BCC}.Release|Any CPU.Build.0 = Release|Any CPU
	EndGlobalSection
	GlobalSection(SolutionProperties) = preSolution
		HideSolutionNode = FALSE
	EndGlobalSection
	GlobalSection(ExtensibilityGlobals) = postSolution
		SolutionGuid = {AA2CF3A4-AA54-40E5-BE8A-F485CA9D4EEA}
	EndGlobalSection
EndGlobal
